
Microsoft Visual Studio Solution File, Format Version 12.00
# Visual Studio Version 17
VisualStudioVersion = 17.9.34607.119
MinimumVisualStudioVersion = 10.0.40219.1
Project("{9A19103F-16F7-4668-BE54-9A1E7A4F7556}") = "Aetherium", "Aetherium\Aetherium.csproj", "{97D4DB64-8EA9-40EB-8F11-F7E0457EE277}"
EndProject
Global
	GlobalSection(SolutionConfigurationPlatforms) = preSolution
		Debug|Any CPU = Debug|Any CPU
		Release|Any CPU = Release|Any CPU
	EndGlobalSection
	GlobalSection(ProjectConfigurationPlatforms) = postSolution
		{97D4DB64-8EA9-40EB-8F11-F7E0457EE277}.Debug|Any CPU.ActiveCfg = Debug|Any CPU
		{97D4DB64-8EA9-40EB-8F11-F7E0457EE277}.Debug|Any CPU.Build.0 = Debug|Any CPU
		{97D4DB64-8EA9-40EB-8F11-F7E0457EE277}.Release|Any CPU.ActiveCfg = Release|Any CPU
		{97D4DB64-8EA9-40EB-8F11-F7E0457EE277}.Release|Any CPU.Build.0 = Release|Any CPU
	EndGlobalSection
	GlobalSection(SolutionProperties) = preSolution
		HideSolutionNode = FALSE
	EndGlobalSection
	GlobalSection(ExtensibilityGlobals) = postSolution
		SolutionGuid = {D78F1B65-C372-44F4-80D4-7D44A982684F}
	EndGlobalSection
EndGlobal
